
Microsoft Visual Studio Solution File, Format Version 12.00
# Visual Studio Version 16
VisualStudioVersion = 16.0.29102.190
MinimumVisualStudioVersion = 10.0.40219.1
Project("{803FD0C6-D64E-4E16-9DC3-1DAEC859A3D2}") = "juk", "juk.vgdbcmake", "{AE8363CC-A4FE-4152-93F4-2B9DC263FB81}"
EndProject
Global
	GlobalSection(SolutionConfigurationPlatforms) = preSolution
		Debug|VisualGDB = Debug|VisualGDB
		MinSizeRel|VisualGDB = MinSizeRel|VisualGDB
		Release|VisualGDB = Release|VisualGDB
		RelWithDebInfo|VisualGDB = RelWithDebInfo|VisualGDB
	EndGlobalSection
	GlobalSection(ProjectConfigurationPlatforms) = postSolution
		{AE8363CC-A4FE-4152-93F4-2B9DC263FB81}.Debug|VisualGDB.ActiveCfg = Debug|VisualGDB
		{AE8363CC-A4FE-4152-93F4-2B9DC263FB81}.Debug|VisualGDB.Build.0 = Debug|VisualGDB
		{AE8363CC-A4FE-4152-93F4-2B9DC263FB81}.MinSizeRel|VisualGDB.ActiveCfg = MinSizeRel|VisualGDB
		{AE8363CC-A4FE-4152-93F4-2B9DC263FB81}.MinSizeRel|VisualGDB.Build.0 = MinSizeRel|VisualGDB
		{AE8363CC-A4FE-4152-93F4-2B9DC263FB81}.Release|VisualGDB.ActiveCfg = Release|VisualGDB
		{AE8363CC-A4FE-4152-93F4-2B9DC263FB81}.Release|VisualGDB.Build.0 = Release|VisualGDB
		{AE8363CC-A4FE-4152-93F4-2B9DC263FB81}.RelWithDebInfo|VisualGDB.ActiveCfg = RelWithDebInfo|VisualGDB
		{AE8363CC-A4FE-4152-93F4-2B9DC263FB81}.RelWithDebInfo|VisualGDB.Build.0 = RelWithDebInfo|VisualGDB
	EndGlobalSection
	GlobalSection(SolutionProperties) = preSolution
		HideSolutionNode = FALSE
	EndGlobalSection
	GlobalSection(ExtensibilityGlobals) = postSolution
		SolutionGuid = {DB43E76D-BA84-4885-ACA1-0671EDD5A9D0}
	EndGlobalSection
EndGlobal
